// !$*UTF8*$!
{
	archiveVersion = 1;
	classes = {
	};
	objectVersion = 56;
	objects = {

/* Begin PBXBuildFile section */
		1B3AAFF12A6A559D0092C9B8 /* PlayerShotUnitModel.swift in Sources */ = {isa = PBXBuildFile; fileRef = 1B3AAFF02A6A559D0092C9B8 /* PlayerShotUnitModel.swift */; };
		1B5476422A68F760003D5DD7 /* ShootingGameApp.swift in Sources */ = {isa = PBXBuildFile; fileRef = 1B5476412A68F760003D5DD7 /* ShootingGameApp.swift */; };
		1B5476442A68F760003D5DD7 /* ContentView.swift in Sources */ = {isa = PBXBuildFile; fileRef = 1B5476432A68F760003D5DD7 /* ContentView.swift */; };
		1B5476462A68F762003D5DD7 /* Assets.xcassets in Resources */ = {isa = PBXBuildFile; fileRef = 1B5476452A68F762003D5DD7 /* Assets.xcassets */; };
		1B5476492A68F762003D5DD7 /* Preview Assets.xcassets in Resources */ = {isa = PBXBuildFile; fileRef = 1B5476482A68F762003D5DD7 /* Preview Assets.xcassets */; };
		1B5476502A68F78A003D5DD7 /* GameCanvasView.swift in Sources */ = {isa = PBXBuildFile; fileRef = 1B54764F2A68F78A003D5DD7 /* GameCanvasView.swift */; };
		1B5476532A68F90E003D5DD7 /* Notification.Names.swift in Sources */ = {isa = PBXBuildFile; fileRef = 1B5476522A68F90E003D5DD7 /* Notification.Names.swift */; };
		1B5476562A68F96F003D5DD7 /* GameManager.swift in Sources */ = {isa = PBXBuildFile; fileRef = 1B5476552A68F96F003D5DD7 /* GameManager.swift */; };
		1B54765B2A690DF5003D5DD7 /* Color+Extensions.swift in Sources */ = {isa = PBXBuildFile; fileRef = 1B54765A2A690DF5003D5DD7 /* Color+Extensions.swift */; };
		1B54765E2A6910CA003D5DD7 /* UnitModel.swift in Sources */ = {isa = PBXBuildFile; fileRef = 1B54765D2A6910CA003D5DD7 /* UnitModel.swift */; };
		1B5476602A691377003D5DD7 /* CGPoint+Extensions.swift in Sources */ = {isa = PBXBuildFile; fileRef = 1B54765F2A691377003D5DD7 /* CGPoint+Extensions.swift */; };
		1B5476622A6916C2003D5DD7 /* CGRect+Extnesions.swift in Sources */ = {isa = PBXBuildFile; fileRef = 1B5476612A6916C2003D5DD7 /* CGRect+Extnesions.swift */; };
		1B5476642A691951003D5DD7 /* MovementUnitModel.swift in Sources */ = {isa = PBXBuildFile; fileRef = 1B5476632A691951003D5DD7 /* MovementUnitModel.swift */; };
		1B5476662A691A26003D5DD7 /* CGVector+Extensions.swift in Sources */ = {isa = PBXBuildFile; fileRef = 1B5476652A691A26003D5DD7 /* CGVector+Extensions.swift */; };
		1B5476692A6926D0003D5DD7 /* EnemyUnitModel.swift in Sources */ = {isa = PBXBuildFile; fileRef = 1B5476682A6926D0003D5DD7 /* EnemyUnitModel.swift */; };
		1B54766B2A692BAB003D5DD7 /* PlayerUnitModel.swift in Sources */ = {isa = PBXBuildFile; fileRef = 1B54766A2A692BAB003D5DD7 /* PlayerUnitModel.swift */; };
		1B54766E2A6A0C80003D5DD7 /* Reachability in Frameworks */ = {isa = PBXBuildFile; productRef = 1B54766D2A6A0C80003D5DD7 /* Reachability */; };
/* End PBXBuildFile section */

/* Begin PBXFileReference section */
		1B3AAFF02A6A559D0092C9B8 /* PlayerShotUnitModel.swift */ = {isa = PBXFileReference; lastKnownFileType = sourcecode.swift; path = PlayerShotUnitModel.swift; sourceTree = "<group>"; };
		1B54763E2A68F760003D5DD7 /* ShootingGame.app */ = {isa = PBXFileReference; explicitFileType = wrapper.application; includeInIndex = 0; path = ShootingGame.app; sourceTree = BUILT_PRODUCTS_DIR; };
		1B5476412A68F760003D5DD7 /* ShootingGameApp.swift */ = {isa = PBXFileReference; lastKnownFileType = sourcecode.swift; path = ShootingGameApp.swift; sourceTree = "<group>"; };
		1B5476432A68F760003D5DD7 /* ContentView.swift */ = {isa = PBXFileReference; lastKnownFileType = sourcecode.swift; path = ContentView.swift; sourceTree = "<group>"; };
		1B5476452A68F762003D5DD7 /* Assets.xcassets */ = {isa = PBXFileReference; lastKnownFileType = folder.assetcatalog; path = Assets.xcassets; sourceTree = "<group>"; };
		1B5476482A68F762003D5DD7 /* Preview Assets.xcassets */ = {isa = PBXFileReference; lastKnownFileType = folder.assetcatalog; path = "Preview Assets.xcassets"; sourceTree = "<group>"; };
		1B54764F2A68F78A003D5DD7 /* GameCanvasView.swift */ = {isa = PBXFileReference; lastKnownFileType = sourcecode.swift; path = GameCanvasView.swift; sourceTree = "<group>"; };
		1B5476522A68F90E003D5DD7 /* Notification.Names.swift */ = {isa = PBXFileReference; lastKnownFileType = sourcecode.swift; path = Notification.Names.swift; sourceTree = "<group>"; };
		1B5476552A68F96F003D5DD7 /* GameManager.swift */ = {isa = PBXFileReference; lastKnownFileType = sourcecode.swift; path = GameManager.swift; sourceTree = "<group>"; };
		1B54765A2A690DF5003D5DD7 /* Color+Extensions.swift */ = {isa = PBXFileReference; lastKnownFileType = sourcecode.swift; path = "Color+Extensions.swift"; sourceTree = "<group>"; };
		1B54765D2A6910CA003D5DD7 /* UnitModel.swift */ = {isa = PBXFileReference; lastKnownFileType = sourcecode.swift; path = UnitModel.swift; sourceTree = "<group>"; };
		1B54765F2A691377003D5DD7 /* CGPoint+Extensions.swift */ = {isa = PBXFileReference; lastKnownFileType = sourcecode.swift; path = "CGPoint+Extensions.swift"; sourceTree = "<group>"; };
		1B5476612A6916C2003D5DD7 /* CGRect+Extnesions.swift */ = {isa = PBXFileReference; lastKnownFileType = sourcecode.swift; path = "CGRect+Extnesions.swift"; sourceTree = "<group>"; };
		1B5476632A691951003D5DD7 /* MovementUnitModel.swift */ = {isa = PBXFileReference; lastKnownFileType = sourcecode.swift; path = MovementUnitModel.swift; sourceTree = "<group>"; };
		1B5476652A691A26003D5DD7 /* CGVector+Extensions.swift */ = {isa = PBXFileReference; lastKnownFileType = sourcecode.swift; path = "CGVector+Extensions.swift"; sourceTree = "<group>"; };
		1B5476672A692476003D5DD7 /* Info.plist */ = {isa = PBXFileReference; lastKnownFileType = text.plist; path = Info.plist; sourceTree = "<group>"; };
		1B5476682A6926D0003D5DD7 /* EnemyUnitModel.swift */ = {isa = PBXFileReference; lastKnownFileType = sourcecode.swift; path = EnemyUnitModel.swift; sourceTree = "<group>"; };
		1B54766A2A692BAB003D5DD7 /* PlayerUnitModel.swift */ = {isa = PBXFileReference; lastKnownFileType = sourcecode.swift; path = PlayerUnitModel.swift; sourceTree = "<group>"; };
/* End PBXFileReference section */

/* Begin PBXFrameworksBuildPhase section */
		1B54763B2A68F760003D5DD7 /* Frameworks */ = {
			isa = PBXFrameworksBuildPhase;
			buildActionMask = 2147483647;
			files = (
				1B54766E2A6A0C80003D5DD7 /* Reachability in Frameworks */,
			);
			runOnlyForDeploymentPostprocessing = 0;
		};
/* End PBXFrameworksBuildPhase section */

/* Begin PBXGroup section */
		1B5476352A68F760003D5DD7 = {
			isa = PBXGroup;
			children = (
				1B5476402A68F760003D5DD7 /* ShootingGame */,
				1B54763F2A68F760003D5DD7 /* Products */,
			);
			sourceTree = "<group>";
		};
		1B54763F2A68F760003D5DD7 /* Products */ = {
			isa = PBXGroup;
			children = (
				1B54763E2A68F760003D5DD7 /* ShootingGame.app */,
			);
			name = Products;
			sourceTree = "<group>";
		};
		1B5476402A68F760003D5DD7 /* ShootingGame */ = {
			isa = PBXGroup;
			children = (
				1B5476672A692476003D5DD7 /* Info.plist */,
				1B54765C2A6910B9003D5DD7 /* Models */,
				1B5476592A690DE0003D5DD7 /* Extensions */,
				1B5476542A68F95C003D5DD7 /* instances */,
				1B5476522A68F90E003D5DD7 /* Notification.Names.swift */,
				1B5476412A68F760003D5DD7 /* ShootingGameApp.swift */,
				1B5476512A68F797003D5DD7 /* View */,
				1B5476452A68F762003D5DD7 /* Assets.xcassets */,
				1B5476472A68F762003D5DD7 /* Preview Content */,
			);
			path = ShootingGame;
			sourceTree = "<group>";
		};
		1B5476472A68F762003D5DD7 /* Preview Content */ = {
			isa = PBXGroup;
			children = (
				1B5476482A68F762003D5DD7 /* Preview Assets.xcassets */,
			);
			path = "Preview Content";
			sourceTree = "<group>";
		};
		1B5476512A68F797003D5DD7 /* View */ = {
			isa = PBXGroup;
			children = (
				1B5476432A68F760003D5DD7 /* ContentView.swift */,
				1B54764F2A68F78A003D5DD7 /* GameCanvasView.swift */,
			);
			path = View;
			sourceTree = "<group>";
		};
		1B5476542A68F95C003D5DD7 /* instances */ = {
			isa = PBXGroup;
			children = (
				1B5476552A68F96F003D5DD7 /* GameManager.swift */,
			);
			path = instances;
			sourceTree = "<group>";
		};
		1B5476592A690DE0003D5DD7 /* Extensions */ = {
			isa = PBXGroup;
			children = (
				1B54765A2A690DF5003D5DD7 /* Color+Extensions.swift */,
				1B54765F2A691377003D5DD7 /* CGPoint+Extensions.swift */,
				1B5476612A6916C2003D5DD7 /* CGRect+Extnesions.swift */,
				1B5476652A691A26003D5DD7 /* CGVector+Extensions.swift */,
			);
			path = Extensions;
			sourceTree = "<group>";
		};
		1B54765C2A6910B9003D5DD7 /* Models */ = {
			isa = PBXGroup;
			children = (
				1B54765D2A6910CA003D5DD7 /* UnitModel.swift */,
				1B5476632A691951003D5DD7 /* MovementUnitModel.swift */,
				1B5476682A6926D0003D5DD7 /* EnemyUnitModel.swift */,
				1B54766A2A692BAB003D5DD7 /* PlayerUnitModel.swift */,
				1B3AAFF02A6A559D0092C9B8 /* PlayerShotUnitModel.swift */,
			);
			path = Models;
			sourceTree = "<group>";
		};
/* End PBXGroup section */

/* Begin PBXNativeTarget section */
		1B54763D2A68F760003D5DD7 /* ShootingGame */ = {
			isa = PBXNativeTarget;
			buildConfigurationList = 1B54764C2A68F762003D5DD7 /* Build configuration list for PBXNativeTarget "ShootingGame" */;
			buildPhases = (
				1B54763A2A68F760003D5DD7 /* Sources */,
				1B54763B2A68F760003D5DD7 /* Frameworks */,
				1B54763C2A68F760003D5DD7 /* Resources */,
			);
			buildRules = (
			);
			dependencies = (
			);
			name = ShootingGame;
			packageProductDependencies = (
				1B54766D2A6A0C80003D5DD7 /* Reachability */,
			);
			productName = ShootingGame;
			productReference = 1B54763E2A68F760003D5DD7 /* ShootingGame.app */;
			productType = "com.apple.product-type.application";
		};
/* End PBXNativeTarget section */

/* Begin PBXProject section */
		1B5476362A68F760003D5DD7 /* Project object */ = {
			isa = PBXProject;
			attributes = {
				BuildIndependentTargetsInParallel = 1;
				LastSwiftUpdateCheck = 1430;
				LastUpgradeCheck = 1430;
				TargetAttributes = {
					1B54763D2A68F760003D5DD7 = {
						CreatedOnToolsVersion = 14.3.1;
					};
				};
			};
			buildConfigurationList = 1B5476392A68F760003D5DD7 /* Build configuration list for PBXProject "ShootingGame" */;
			compatibilityVersion = "Xcode 14.0";
			developmentRegion = en;
			hasScannedForEncodings = 0;
			knownRegions = (
				en,
				Base,
			);
			mainGroup = 1B5476352A68F760003D5DD7;
			packageReferences = (
				1B54766C2A6A0C7F003D5DD7 /* XCRemoteSwiftPackageReference "Reachability" */,
			);
			productRefGroup = 1B54763F2A68F760003D5DD7 /* Products */;
			projectDirPath = "";
			projectRoot = "";
			targets = (
				1B54763D2A68F760003D5DD7 /* ShootingGame */,
			);
		};
/* End PBXProject section */

/* Begin PBXResourcesBuildPhase section */
		1B54763C2A68F760003D5DD7 /* Resources */ = {
			isa = PBXResourcesBuildPhase;
			buildActionMask = 2147483647;
			files = (
				1B5476492A68F762003D5DD7 /* Preview Assets.xcassets in Resources */,
				1B5476462A68F762003D5DD7 /* Assets.xcassets in Resources */,
			);
			runOnlyForDeploymentPostprocessing = 0;
		};
/* End PBXResourcesBuildPhase section */

/* Begin PBXSourcesBuildPhase section */
		1B54763A2A68F760003D5DD7 /* Sources */ = {
			isa = PBXSourcesBuildPhase;
			buildActionMask = 2147483647;
			files = (
				1B5476532A68F90E003D5DD7 /* Notification.Names.swift in Sources */,
				1B5476622A6916C2003D5DD7 /* CGRect+Extnesions.swift in Sources */,
				1B54765E2A6910CA003D5DD7 /* UnitModel.swift in Sources */,
				1B5476602A691377003D5DD7 /* CGPoint+Extensions.swift in Sources */,
				1B5476662A691A26003D5DD7 /* CGVector+Extensions.swift in Sources */,
				1B5476642A691951003D5DD7 /* MovementUnitModel.swift in Sources */,
				1B5476502A68F78A003D5DD7 /* GameCanvasView.swift in Sources */,
				1B5476442A68F760003D5DD7 /* ContentView.swift in Sources */,
				1B54766B2A692BAB003D5DD7 /* PlayerUnitModel.swift in Sources */,
				1B5476422A68F760003D5DD7 /* ShootingGameApp.swift in Sources */,
				1B3AAFF12A6A559D0092C9B8 /* PlayerShotUnitModel.swift in Sources */,
				1B5476562A68F96F003D5DD7 /* GameManager.swift in Sources */,
				1B5476692A6926D0003D5DD7 /* EnemyUnitModel.swift in Sources */,
				1B54765B2A690DF5003D5DD7 /* Color+Extensions.swift in Sources */,
			);
			runOnlyForDeploymentPostprocessing = 0;
		};
/* End PBXSourcesBuildPhase section */

/* Begin XCBuildConfiguration section */
		1B54764A2A68F762003D5DD7 /* Debug */ = {
			isa = XCBuildConfiguration;
			buildSettings = {
				ALWAYS_SEARCH_USER_PATHS = NO;
				CLANG_ANALYZER_NONNULL = YES;
				CLANG_ANALYZER_NUMBER_OBJECT_CONVERSION = YES_AGGRESSIVE;
				CLANG_CXX_LANGUAGE_STANDARD = "gnu++20";
				CLANG_ENABLE_MODULES = YES;
				CLANG_ENABLE_OBJC_ARC = YES;
				CLANG_ENABLE_OBJC_WEAK = YES;
				CLANG_WARN_BLOCK_CAPTURE_AUTORELEASING = YES;
				CLANG_WARN_BOOL_CONVERSION = YES;
				CLANG_WARN_COMMA = YES;
				CLANG_WARN_CONSTANT_CONVERSION = YES;
				CLANG_WARN_DEPRECATED_OBJC_IMPLEMENTATIONS = YES;
				CLANG_WARN_DIRECT_OBJC_ISA_USAGE = YES_ERROR;
				CLANG_WARN_DOCUMENTATION_COMMENTS = YES;
				CLANG_WARN_EMPTY_BODY = YES;
				CLANG_WARN_ENUM_CONVERSION = YES;
				CLANG_WARN_INFINITE_RECURSION = YES;
				CLANG_WARN_INT_CONVERSION = YES;
				CLANG_WARN_NON_LITERAL_NULL_CONVERSION = YES;
				CLANG_WARN_OBJC_IMPLICIT_RETAIN_SELF = YES;
				CLANG_WARN_OBJC_LITERAL_CONVERSION = YES;
				CLANG_WARN_OBJC_ROOT_CLASS = YES_ERROR;
				CLANG_WARN_QUOTED_INCLUDE_IN_FRAMEWORK_HEADER = YES;
				CLANG_WARN_RANGE_LOOP_ANALYSIS = YES;
				CLANG_WARN_STRICT_PROTOTYPES = YES;
				CLANG_WARN_SUSPICIOUS_MOVE = YES;
				CLANG_WARN_UNGUARDED_AVAILABILITY = YES_AGGRESSIVE;
				CLANG_WARN_UNREACHABLE_CODE = YES;
				CLANG_WARN__DUPLICATE_METHOD_MATCH = YES;
				COPY_PHASE_STRIP = NO;
				DEBUG_INFORMATION_FORMAT = dwarf;
				ENABLE_STRICT_OBJC_MSGSEND = YES;
				ENABLE_TESTABILITY = YES;
				GCC_C_LANGUAGE_STANDARD = gnu11;
				GCC_DYNAMIC_NO_PIC = NO;
				GCC_NO_COMMON_BLOCKS = YES;
				GCC_OPTIMIZATION_LEVEL = 0;
				GCC_PREPROCESSOR_DEFINITIONS = (
					"DEBUG=1",
					"$(inherited)",
				);
				GCC_WARN_64_TO_32_BIT_CONVERSION = YES;
				GCC_WARN_ABOUT_RETURN_TYPE = YES_ERROR;
				GCC_WARN_UNDECLARED_SELECTOR = YES;
				GCC_WARN_UNINITIALIZED_AUTOS = YES_AGGRESSIVE;
				GCC_WARN_UNUSED_FUNCTION = YES;
				GCC_WARN_UNUSED_VARIABLE = YES;
				IPHONEOS_DEPLOYMENT_TARGET = 16.4;
				MTL_ENABLE_DEBUG_INFO = INCLUDE_SOURCE;
				MTL_FAST_MATH = YES;
				ONLY_ACTIVE_ARCH = YES;
				SDKROOT = iphoneos;
				SWIFT_ACTIVE_COMPILATION_CONDITIONS = DEBUG;
				SWIFT_OPTIMIZATION_LEVEL = "-Onone";
			};
			name = Debug;
		};
		1B54764B2A68F762003D5DD7 /* Release */ = {
			isa = XCBuildConfiguration;
			buildSettings = {
				ALWAYS_SEARCH_USER_PATHS = NO;
				CLANG_ANALYZER_NONNULL = YES;
				CLANG_ANALYZER_NUMBER_OBJECT_CONVERSION = YES_AGGRESSIVE;
				CLANG_CXX_LANGUAGE_STANDARD = "gnu++20";
				CLANG_ENABLE_MODULES = YES;
				CLANG_ENABLE_OBJC_ARC = YES;
				CLANG_ENABLE_OBJC_WEAK = YES;
				CLANG_WARN_BLOCK_CAPTURE_AUTORELEASING = YES;
				CLANG_WARN_BOOL_CONVERSION = YES;
				CLANG_WARN_COMMA = YES;
				CLANG_WARN_CONSTANT_CONVERSION = YES;
				CLANG_WARN_DEPRECATED_OBJC_IMPLEMENTATIONS = YES;
				CLANG_WARN_DIRECT_OBJC_ISA_USAGE = YES_ERROR;
				CLANG_WARN_DOCUMENTATION_COMMENTS = YES;
				CLANG_WARN_EMPTY_BODY = YES;
				CLANG_WARN_ENUM_CONVERSION = YES;
				CLANG_WARN_INFINITE_RECURSION = YES;
				CLANG_WARN_INT_CONVERSION = YES;
				CLANG_WARN_NON_LITERAL_NULL_CONVERSION = YES;
				CLANG_WARN_OBJC_IMPLICIT_RETAIN_SELF = YES;
				CLANG_WARN_OBJC_LITERAL_CONVERSION = YES;
				CLANG_WARN_OBJC_ROOT_CLASS = YES_ERROR;
				CLANG_WARN_QUOTED_INCLUDE_IN_FRAMEWORK_HEADER = YES;
				CLANG_WARN_RANGE_LOOP_ANALYSIS = YES;
				CLANG_WARN_STRICT_PROTOTYPES = YES;
				CLANG_WARN_SUSPICIOUS_MOVE = YES;
				CLANG_WARN_UNGUARDED_AVAILABILITY = YES_AGGRESSIVE;
				CLANG_WARN_UNREACHABLE_CODE = YES;
				CLANG_WARN__DUPLICATE_METHOD_MATCH = YES;
				COPY_PHASE_STRIP = NO;
				DEBUG_INFORMATION_FORMAT = "dwarf-with-dsym";
				ENABLE_NS_ASSERTIONS = NO;
				ENABLE_STRICT_OBJC_MSGSEND = YES;
				GCC_C_LANGUAGE_STANDARD = gnu11;
				GCC_NO_COMMON_BLOCKS = YES;
				GCC_WARN_64_TO_32_BIT_CONVERSION = YES;
				GCC_WARN_ABOUT_RETURN_TYPE = YES_ERROR;
				GCC_WARN_UNDECLARED_SELECTOR = YES;
				GCC_WARN_UNINITIALIZED_AUTOS = YES_AGGRESSIVE;
				GCC_WARN_UNUSED_FUNCTION = YES;
				GCC_WARN_UNUSED_VARIABLE = YES;
				IPHONEOS_DEPLOYMENT_TARGET = 16.4;
				MTL_ENABLE_DEBUG_INFO = NO;
				MTL_FAST_MATH = YES;
				SDKROOT = iphoneos;
				SWIFT_COMPILATION_MODE = wholemodule;
				SWIFT_OPTIMIZATION_LEVEL = "-O";
				VALIDATE_PRODUCT = YES;
			};
			name = Release;
		};
		1B54764D2A68F762003D5DD7 /* Debug */ = {
			isa = XCBuildConfiguration;
			buildSettings = {
				ASSETCATALOG_COMPILER_APPICON_NAME = AppIcon;
				ASSETCATALOG_COMPILER_GLOBAL_ACCENT_COLOR_NAME = AccentColor;
				CODE_SIGN_STYLE = Automatic;
				CURRENT_PROJECT_VERSION = 1;
				DEVELOPMENT_ASSET_PATHS = "\"ShootingGame/Preview Content\"";
				DEVELOPMENT_TEAM = QU9EPTU238;
				ENABLE_PREVIEWS = YES;
				GENERATE_INFOPLIST_FILE = YES;
				INFOPLIST_FILE = ShootingGame/Info.plist;
				INFOPLIST_KEY_LSApplicationCategoryType = "public.app-category.games";
				INFOPLIST_KEY_UIApplicationSceneManifest_Generation = YES;
				INFOPLIST_KEY_UIApplicationSupportsIndirectInputEvents = YES;
				INFOPLIST_KEY_UILaunchScreen_Generation = YES;
				INFOPLIST_KEY_UIRequiresFullScreen = NO;
				INFOPLIST_KEY_UIStatusBarStyle = "";
				INFOPLIST_KEY_UISupportedInterfaceOrientations = "UIInterfaceOrientationLandscapeLeft UIInterfaceOrientationLandscapeRight UIInterfaceOrientationPortrait UIInterfaceOrientationPortraitUpsideDown";
				IPHONEOS_DEPLOYMENT_TARGET = 15.0;
				LD_RUNPATH_SEARCH_PATHS = (
					"$(inherited)",
					"@executable_path/Frameworks",
				);
				MARKETING_VERSION = 1.0;
				PRODUCT_BUNDLE_IDENTIFIER = net.kongbaguni.ShootingGame;
				PRODUCT_NAME = "$(TARGET_NAME)";
				SWIFT_EMIT_LOC_STRINGS = YES;
				SWIFT_VERSION = 5.0;
				TARGETED_DEVICE_FAMILY = "1,2";
			};
			name = Debug;
		};
		1B54764E2A68F762003D5DD7 /* Release */ = {
			isa = XCBuildConfiguration;
			buildSettings = {
				ASSETCATALOG_COMPILER_APPICON_NAME = AppIcon;
				ASSETCATALOG_COMPILER_GLOBAL_ACCENT_COLOR_NAME = AccentColor;
				CODE_SIGN_STYLE = Automatic;
				CURRENT_PROJECT_VERSION = 1;
				DEVELOPMENT_ASSET_PATHS = "\"ShootingGame/Preview Content\"";
				DEVELOPMENT_TEAM = QU9EPTU238;
				ENABLE_PREVIEWS = YES;
				GENERATE_INFOPLIST_FILE = YES;
				INFOPLIST_FILE = ShootingGame/Info.plist;
				INFOPLIST_KEY_LSApplicationCategoryType = "public.app-category.games";
				INFOPLIST_KEY_UIApplicationSceneManifest_Generation = YES;
				INFOPLIST_KEY_UIApplicationSupportsIndirectInputEvents = YES;
				INFOPLIST_KEY_UILaunchScreen_Generation = YES;
				INFOPLIST_KEY_UIRequiresFullScreen = NO;
				INFOPLIST_KEY_UIStatusBarStyle = "";
				INFOPLIST_KEY_UISupportedInterfaceOrientations = "UIInterfaceOrientationLandscapeLeft UIInterfaceOrientationLandscapeRight UIInterfaceOrientationPortrait UIInterfaceOrientationPortraitUpsideDown";
				IPHONEOS_DEPLOYMENT_TARGET = 15.0;
				LD_RUNPATH_SEARCH_PATHS = (
					"$(inherited)",
					"@executable_path/Frameworks",
				);
				MARKETING_VERSION = 1.0;
				PRODUCT_BUNDLE_IDENTIFIER = net.kongbaguni.ShootingGame;
				PRODUCT_NAME = "$(TARGET_NAME)";
				SWIFT_EMIT_LOC_STRINGS = YES;
				SWIFT_VERSION = 5.0;
				TARGETED_DEVICE_FAMILY = "1,2";
			};
			name = Release;
		};
/* End XCBuildConfiguration section */

/* Begin XCConfigurationList section */
		1B5476392A68F760003D5DD7 /* Build configuration list for PBXProject "ShootingGame" */ = {
			isa = XCConfigurationList;
			buildConfigurations = (
				1B54764A2A68F762003D5DD7 /* Debug */,
				1B54764B2A68F762003D5DD7 /* Release */,
			);
			defaultConfigurationIsVisible = 0;
			defaultConfigurationName = Release;
		};
		1B54764C2A68F762003D5DD7 /* Build configuration list for PBXNativeTarget "ShootingGame" */ = {
			isa = XCConfigurationList;
			buildConfigurations = (
				1B54764D2A68F762003D5DD7 /* Debug */,
				1B54764E2A68F762003D5DD7 /* Release */,
			);
			defaultConfigurationIsVisible = 0;
			defaultConfigurationName = Release;
		};
/* End XCConfigurationList section */

/* Begin XCRemoteSwiftPackageReference section */
		1B54766C2A6A0C7F003D5DD7 /* XCRemoteSwiftPackageReference "Reachability" */ = {
			isa = XCRemoteSwiftPackageReference;
			repositoryURL = "https://github.com/ashleymills/Reachability.swift";
			requirement = {
				branch = master;
				kind = branch;
			};
		};
/* End XCRemoteSwiftPackageReference section */

/* Begin XCSwiftPackageProductDependency section */
		1B54766D2A6A0C80003D5DD7 /* Reachability */ = {
			isa = XCSwiftPackageProductDependency;
			package = 1B54766C2A6A0C7F003D5DD7 /* XCRemoteSwiftPackageReference "Reachability" */;
			productName = Reachability;
		};
/* End XCSwiftPackageProductDependency section */
	};
	rootObject = 1B5476362A68F760003D5DD7 /* Project object */;
}
