// !$*UTF8*$!
{
	archiveVersion = 1;
	classes = {
	};
	objectVersion = 56;
	objects = {

/* Begin PBXBuildFile section */
		1B2661D72A6F4D9A002E3C7A /* Particle.swift in Sources */ = {isa = PBXBuildFile; fileRef = 1B2661D62A6F4D9A002E3C7A /* Particle.swift */; };
		1B2661DE2A6F974E002E3C7A /* Localizable.strings in Resources */ = {isa = PBXBuildFile; fileRef = 1B2661E02A6F974E002E3C7A /* Localizable.strings */; };
		1B2661E32A6FAEC5002E3C7A /* Score.swift in Sources */ = {isa = PBXBuildFile; fileRef = 1B2661E22A6FAEC5002E3C7A /* Score.swift */; };
		1B2661E52A70B4A4002E3C7A /* Array+Extensions.swift in Sources */ = {isa = PBXBuildFile; fileRef = 1B2661E42A70B4A4002E3C7A /* Array+Extensions.swift */; };
		1B2661E92A70E4EA002E3C7A /* MainView.swift in Sources */ = {isa = PBXBuildFile; fileRef = 1B2661E82A70E4EA002E3C7A /* MainView.swift */; };
		1B2661EB2A70EF22002E3C7A /* StageModel.swift in Sources */ = {isa = PBXBuildFile; fileRef = 1B2661EA2A70EF22002E3C7A /* StageModel.swift */; };
		1B2661ED2A70F186002E3C7A /* StageManager.swift in Sources */ = {isa = PBXBuildFile; fileRef = 1B2661EC2A70F186002E3C7A /* StageManager.swift */; };
		1B2661F22A723984002E3C7A /* ItemUnitModel.swift in Sources */ = {isa = PBXBuildFile; fileRef = 1B2661F12A723984002E3C7A /* ItemUnitModel.swift */; };
		1B2661F42A7239C2002E3C7A /* TargettingMovementUnitModel.swift in Sources */ = {isa = PBXBuildFile; fileRef = 1B2661F32A7239C2002E3C7A /* TargettingMovementUnitModel.swift */; };
		1B2661F62A725EFA002E3C7A /* Launch Screen.storyboard in Resources */ = {isa = PBXBuildFile; fileRef = 1B2661F52A725EFA002E3C7A /* Launch Screen.storyboard */; };
		1B2661F82A7266EC002E3C7A /* AdLoader.swift in Sources */ = {isa = PBXBuildFile; fileRef = 1B2661F72A7266EC002E3C7A /* AdLoader.swift */; };
		1B3AAFF12A6A559D0092C9B8 /* PlayerShotUnitModel.swift in Sources */ = {isa = PBXBuildFile; fileRef = 1B3AAFF02A6A559D0092C9B8 /* PlayerShotUnitModel.swift */; };
		1B3AAFF42A6A6A960092C9B8 /* GoogleMobileAds in Frameworks */ = {isa = PBXBuildFile; productRef = 1B3AAFF32A6A6A960092C9B8 /* GoogleMobileAds */; };
		1B3AAFF72A6A6B910092C9B8 /* InfoPlist.strings in Resources */ = {isa = PBXBuildFile; fileRef = 1B3AAFF92A6A6B910092C9B8 /* InfoPlist.strings */; };
		1B3AAFFC2A6A6BF50092C9B8 /* GoogleAdPrompt.swift in Sources */ = {isa = PBXBuildFile; fileRef = 1B3AAFFB2A6A6BF50092C9B8 /* GoogleAdPrompt.swift */; };
		1B3AAFFE2A6A6C630092C9B8 /* UIApplication+Extensions.swift in Sources */ = {isa = PBXBuildFile; fileRef = 1B3AAFFD2A6A6C630092C9B8 /* UIApplication+Extensions.swift */; };
		1B5476422A68F760003D5DD7 /* ShootingGameApp.swift in Sources */ = {isa = PBXBuildFile; fileRef = 1B5476412A68F760003D5DD7 /* ShootingGameApp.swift */; };
		1B5476442A68F760003D5DD7 /* ContentView.swift in Sources */ = {isa = PBXBuildFile; fileRef = 1B5476432A68F760003D5DD7 /* ContentView.swift */; };
		1B5476462A68F762003D5DD7 /* Assets.xcassets in Resources */ = {isa = PBXBuildFile; fileRef = 1B5476452A68F762003D5DD7 /* Assets.xcassets */; };
		1B5476492A68F762003D5DD7 /* Preview Assets.xcassets in Resources */ = {isa = PBXBuildFile; fileRef = 1B5476482A68F762003D5DD7 /* Preview Assets.xcassets */; };
		1B5476502A68F78A003D5DD7 /* GameCanvasView.swift in Sources */ = {isa = PBXBuildFile; fileRef = 1B54764F2A68F78A003D5DD7 /* GameCanvasView.swift */; };
		1B5476532A68F90E003D5DD7 /* Notification.Names.swift in Sources */ = {isa = PBXBuildFile; fileRef = 1B5476522A68F90E003D5DD7 /* Notification.Names.swift */; };
		1B5476562A68F96F003D5DD7 /* GameManager.swift in Sources */ = {isa = PBXBuildFile; fileRef = 1B5476552A68F96F003D5DD7 /* GameManager.swift */; };
		1B54765B2A690DF5003D5DD7 /* Color+Extensions.swift in Sources */ = {isa = PBXBuildFile; fileRef = 1B54765A2A690DF5003D5DD7 /* Color+Extensions.swift */; };
		1B54765E2A6910CA003D5DD7 /* UnitModel.swift in Sources */ = {isa = PBXBuildFile; fileRef = 1B54765D2A6910CA003D5DD7 /* UnitModel.swift */; };
		1B5476602A691377003D5DD7 /* CGPoint+Extensions.swift in Sources */ = {isa = PBXBuildFile; fileRef = 1B54765F2A691377003D5DD7 /* CGPoint+Extensions.swift */; };
		1B5476622A6916C2003D5DD7 /* CGRect+Extnesions.swift in Sources */ = {isa = PBXBuildFile; fileRef = 1B5476612A6916C2003D5DD7 /* CGRect+Extnesions.swift */; };
		1B5476642A691951003D5DD7 /* MovementUnitModel.swift in Sources */ = {isa = PBXBuildFile; fileRef = 1B5476632A691951003D5DD7 /* MovementUnitModel.swift */; };
		1B5476662A691A26003D5DD7 /* CGVector+Extensions.swift in Sources */ = {isa = PBXBuildFile; fileRef = 1B5476652A691A26003D5DD7 /* CGVector+Extensions.swift */; };
		1B5476692A6926D0003D5DD7 /* EnemyUnitModel.swift in Sources */ = {isa = PBXBuildFile; fileRef = 1B5476682A6926D0003D5DD7 /* EnemyUnitModel.swift */; };
		1B54766B2A692BAB003D5DD7 /* PlayerUnitModel.swift in Sources */ = {isa = PBXBuildFile; fileRef = 1B54766A2A692BAB003D5DD7 /* PlayerUnitModel.swift */; };
		1B5DEB652A6E51A80026B180 /* EnemyShotUnitModel.swift in Sources */ = {isa = PBXBuildFile; fileRef = 1B5DEB642A6E51A80026B180 /* EnemyShotUnitModel.swift */; };
		1BA533032A8083F700C908F5 /* UnifiedNativeAdView.xib in Resources */ = {isa = PBXBuildFile; fileRef = 1BA533012A8083F700C908F5 /* UnifiedNativeAdView.xib */; };
		1BA533042A8083F700C908F5 /* UnifiedNativeAdView.swift in Sources */ = {isa = PBXBuildFile; fileRef = 1BA533022A8083F700C908F5 /* UnifiedNativeAdView.swift */; };
		1BA533082A80B85700C908F5 /* GoogleService-Info.plist in Resources */ = {isa = PBXBuildFile; fileRef = 1BA533072A80B85600C908F5 /* GoogleService-Info.plist */; };
		1BA5330B2A80B8BF00C908F5 /* FirebaseAnalytics in Frameworks */ = {isa = PBXBuildFile; productRef = 1BA5330A2A80B8BF00C908F5 /* FirebaseAnalytics */; };
		1BA5330D2A80B8BF00C908F5 /* FirebaseAnalyticsSwift in Frameworks */ = {isa = PBXBuildFile; productRef = 1BA5330C2A80B8BF00C908F5 /* FirebaseAnalyticsSwift */; };
		1BA5330F2A80B8BF00C908F5 /* FirebaseCrashlytics in Frameworks */ = {isa = PBXBuildFile; productRef = 1BA5330E2A80B8BF00C908F5 /* FirebaseCrashlytics */; };
		1BF1B35C2A73811300E983E3 /* GoogleAd.swift in Sources */ = {isa = PBXBuildFile; fileRef = 1BF1B35B2A73811300E983E3 /* GoogleAd.swift */; };
		1BF1B35E2A73813300E983E3 /* BannerAdView.swift in Sources */ = {isa = PBXBuildFile; fileRef = 1BF1B35D2A73813300E983E3 /* BannerAdView.swift */; };
		1BF1B3622A73821400E983E3 /* ActivityIndicatorView in Frameworks */ = {isa = PBXBuildFile; productRef = 1BF1B3612A73821400E983E3 /* ActivityIndicatorView */; };
		1BF1B3642A73825A00E983E3 /* MultiColorAnimeTextView.swift in Sources */ = {isa = PBXBuildFile; fileRef = 1BF1B3632A73825A00E983E3 /* MultiColorAnimeTextView.swift */; };
		1BF1B3662A73833B00E983E3 /* UserDefaults+Extensions.swift in Sources */ = {isa = PBXBuildFile; fileRef = 1BF1B3652A73833B00E983E3 /* UserDefaults+Extensions.swift */; };
		1BF1B36A2A7390D800E983E3 /* CoinView.swift in Sources */ = {isa = PBXBuildFile; fileRef = 1BF1B3692A7390D800E983E3 /* CoinView.swift */; };
		1BF1B36C2A739B0000E983E3 /* RoundedButtonView.swift in Sources */ = {isa = PBXBuildFile; fileRef = 1BF1B36B2A739B0000E983E3 /* RoundedButtonView.swift */; };
		1BF1B36E2A73A9A200E983E3 /* NativeAdClickView.swift in Sources */ = {isa = PBXBuildFile; fileRef = 1BF1B36D2A73A9A200E983E3 /* NativeAdClickView.swift */; };
		1BF1B3712A73B68F00E983E3 /* MarqueeLabel in Frameworks */ = {isa = PBXBuildFile; productRef = 1BF1B3702A73B68F00E983E3 /* MarqueeLabel */; };
/* End PBXBuildFile section */

/* Begin PBXFileReference section */
		1B2661D62A6F4D9A002E3C7A /* Particle.swift */ = {isa = PBXFileReference; lastKnownFileType = sourcecode.swift; path = Particle.swift; sourceTree = "<group>"; };
		1B2661DF2A6F974E002E3C7A /* en */ = {isa = PBXFileReference; lastKnownFileType = text.plist.strings; name = en; path = en.lproj/Localizable.strings; sourceTree = "<group>"; };
		1B2661E12A6F979A002E3C7A /* ko */ = {isa = PBXFileReference; lastKnownFileType = text.plist.strings; name = ko; path = ko.lproj/Localizable.strings; sourceTree = "<group>"; };
		1B2661E22A6FAEC5002E3C7A /* Score.swift */ = {isa = PBXFileReference; lastKnownFileType = sourcecode.swift; path = Score.swift; sourceTree = "<group>"; };
		1B2661E42A70B4A4002E3C7A /* Array+Extensions.swift */ = {isa = PBXFileReference; lastKnownFileType = sourcecode.swift; path = "Array+Extensions.swift"; sourceTree = "<group>"; };
		1B2661E82A70E4EA002E3C7A /* MainView.swift */ = {isa = PBXFileReference; lastKnownFileType = sourcecode.swift; path = MainView.swift; sourceTree = "<group>"; };
		1B2661EA2A70EF22002E3C7A /* StageModel.swift */ = {isa = PBXFileReference; lastKnownFileType = sourcecode.swift; path = StageModel.swift; sourceTree = "<group>"; };
		1B2661EC2A70F186002E3C7A /* StageManager.swift */ = {isa = PBXFileReference; lastKnownFileType = sourcecode.swift; path = StageManager.swift; sourceTree = "<group>"; };
		1B2661F02A71EA60002E3C7A /* ShootingGame.entitlements */ = {isa = PBXFileReference; lastKnownFileType = text.plist.entitlements; path = ShootingGame.entitlements; sourceTree = "<group>"; };
		1B2661F12A723984002E3C7A /* ItemUnitModel.swift */ = {isa = PBXFileReference; lastKnownFileType = sourcecode.swift; path = ItemUnitModel.swift; sourceTree = "<group>"; };
		1B2661F32A7239C2002E3C7A /* TargettingMovementUnitModel.swift */ = {isa = PBXFileReference; lastKnownFileType = sourcecode.swift; path = TargettingMovementUnitModel.swift; sourceTree = "<group>"; };
		1B2661F52A725EFA002E3C7A /* Launch Screen.storyboard */ = {isa = PBXFileReference; lastKnownFileType = file.storyboard; path = "Launch Screen.storyboard"; sourceTree = "<group>"; };
		1B2661F72A7266EC002E3C7A /* AdLoader.swift */ = {isa = PBXFileReference; lastKnownFileType = sourcecode.swift; name = AdLoader.swift; path = ../instances/AdLoader.swift; sourceTree = "<group>"; };
		1B3AAFF02A6A559D0092C9B8 /* PlayerShotUnitModel.swift */ = {isa = PBXFileReference; lastKnownFileType = sourcecode.swift; path = PlayerShotUnitModel.swift; sourceTree = "<group>"; };
		1B3AAFF82A6A6B910092C9B8 /* en */ = {isa = PBXFileReference; lastKnownFileType = text.plist.strings; name = en; path = en.lproj/InfoPlist.strings; sourceTree = "<group>"; };
		1B3AAFFA2A6A6B950092C9B8 /* ko */ = {isa = PBXFileReference; lastKnownFileType = text.plist.strings; name = ko; path = ko.lproj/InfoPlist.strings; sourceTree = "<group>"; };
		1B3AAFFB2A6A6BF50092C9B8 /* GoogleAdPrompt.swift */ = {isa = PBXFileReference; fileEncoding = 4; lastKnownFileType = sourcecode.swift; path = GoogleAdPrompt.swift; sourceTree = "<group>"; };
		1B3AAFFD2A6A6C630092C9B8 /* UIApplication+Extensions.swift */ = {isa = PBXFileReference; fileEncoding = 4; lastKnownFileType = sourcecode.swift; path = "UIApplication+Extensions.swift"; sourceTree = "<group>"; };
		1B54763E2A68F760003D5DD7 /* ShootingGame.app */ = {isa = PBXFileReference; explicitFileType = wrapper.application; includeInIndex = 0; path = ShootingGame.app; sourceTree = BUILT_PRODUCTS_DIR; };
		1B5476412A68F760003D5DD7 /* ShootingGameApp.swift */ = {isa = PBXFileReference; lastKnownFileType = sourcecode.swift; path = ShootingGameApp.swift; sourceTree = "<group>"; };
		1B5476432A68F760003D5DD7 /* ContentView.swift */ = {isa = PBXFileReference; lastKnownFileType = sourcecode.swift; path = ContentView.swift; sourceTree = "<group>"; };
		1B5476452A68F762003D5DD7 /* Assets.xcassets */ = {isa = PBXFileReference; lastKnownFileType = folder.assetcatalog; path = Assets.xcassets; sourceTree = "<group>"; };
		1B5476482A68F762003D5DD7 /* Preview Assets.xcassets */ = {isa = PBXFileReference; lastKnownFileType = folder.assetcatalog; path = "Preview Assets.xcassets"; sourceTree = "<group>"; };
		1B54764F2A68F78A003D5DD7 /* GameCanvasView.swift */ = {isa = PBXFileReference; lastKnownFileType = sourcecode.swift; path = GameCanvasView.swift; sourceTree = "<group>"; };
		1B5476522A68F90E003D5DD7 /* Notification.Names.swift */ = {isa = PBXFileReference; lastKnownFileType = sourcecode.swift; path = Notification.Names.swift; sourceTree = "<group>"; };
		1B5476552A68F96F003D5DD7 /* GameManager.swift */ = {isa = PBXFileReference; lastKnownFileType = sourcecode.swift; path = GameManager.swift; sourceTree = "<group>"; };
		1B54765A2A690DF5003D5DD7 /* Color+Extensions.swift */ = {isa = PBXFileReference; lastKnownFileType = sourcecode.swift; path = "Color+Extensions.swift"; sourceTree = "<group>"; };
		1B54765D2A6910CA003D5DD7 /* UnitModel.swift */ = {isa = PBXFileReference; lastKnownFileType = sourcecode.swift; path = UnitModel.swift; sourceTree = "<group>"; };
		1B54765F2A691377003D5DD7 /* CGPoint+Extensions.swift */ = {isa = PBXFileReference; lastKnownFileType = sourcecode.swift; path = "CGPoint+Extensions.swift"; sourceTree = "<group>"; };
		1B5476612A6916C2003D5DD7 /* CGRect+Extnesions.swift */ = {isa = PBXFileReference; lastKnownFileType = sourcecode.swift; path = "CGRect+Extnesions.swift"; sourceTree = "<group>"; };
		1B5476632A691951003D5DD7 /* MovementUnitModel.swift */ = {isa = PBXFileReference; lastKnownFileType = sourcecode.swift; path = MovementUnitModel.swift; sourceTree = "<group>"; };
		1B5476652A691A26003D5DD7 /* CGVector+Extensions.swift */ = {isa = PBXFileReference; lastKnownFileType = sourcecode.swift; path = "CGVector+Extensions.swift"; sourceTree = "<group>"; };
		1B5476672A692476003D5DD7 /* Info.plist */ = {isa = PBXFileReference; lastKnownFileType = text.plist; path = Info.plist; sourceTree = "<group>"; };
		1B5476682A6926D0003D5DD7 /* EnemyUnitModel.swift */ = {isa = PBXFileReference; lastKnownFileType = sourcecode.swift; path = EnemyUnitModel.swift; sourceTree = "<group>"; };
		1B54766A2A692BAB003D5DD7 /* PlayerUnitModel.swift */ = {isa = PBXFileReference; lastKnownFileType = sourcecode.swift; path = PlayerUnitModel.swift; sourceTree = "<group>"; };
		1B5DEB642A6E51A80026B180 /* EnemyShotUnitModel.swift */ = {isa = PBXFileReference; lastKnownFileType = sourcecode.swift; path = EnemyShotUnitModel.swift; sourceTree = "<group>"; };
		1BA533012A8083F700C908F5 /* UnifiedNativeAdView.xib */ = {isa = PBXFileReference; fileEncoding = 4; lastKnownFileType = file.xib; path = UnifiedNativeAdView.xib; sourceTree = "<group>"; };
		1BA533022A8083F700C908F5 /* UnifiedNativeAdView.swift */ = {isa = PBXFileReference; fileEncoding = 4; lastKnownFileType = sourcecode.swift; path = UnifiedNativeAdView.swift; sourceTree = "<group>"; };
		1BA533072A80B85600C908F5 /* GoogleService-Info.plist */ = {isa = PBXFileReference; fileEncoding = 4; lastKnownFileType = text.plist.xml; path = "GoogleService-Info.plist"; sourceTree = "<group>"; };
		1BF1B35B2A73811300E983E3 /* GoogleAd.swift */ = {isa = PBXFileReference; fileEncoding = 4; lastKnownFileType = sourcecode.swift; path = GoogleAd.swift; sourceTree = "<group>"; };
		1BF1B35D2A73813300E983E3 /* BannerAdView.swift */ = {isa = PBXFileReference; fileEncoding = 4; lastKnownFileType = sourcecode.swift; path = BannerAdView.swift; sourceTree = "<group>"; };
		1BF1B3632A73825A00E983E3 /* MultiColorAnimeTextView.swift */ = {isa = PBXFileReference; fileEncoding = 4; lastKnownFileType = sourcecode.swift; path = MultiColorAnimeTextView.swift; sourceTree = "<group>"; };
		1BF1B3652A73833B00E983E3 /* UserDefaults+Extensions.swift */ = {isa = PBXFileReference; lastKnownFileType = sourcecode.swift; path = "UserDefaults+Extensions.swift"; sourceTree = "<group>"; };
		1BF1B3692A7390D800E983E3 /* CoinView.swift */ = {isa = PBXFileReference; lastKnownFileType = sourcecode.swift; path = CoinView.swift; sourceTree = "<group>"; };
		1BF1B36B2A739B0000E983E3 /* RoundedButtonView.swift */ = {isa = PBXFileReference; lastKnownFileType = sourcecode.swift; path = RoundedButtonView.swift; sourceTree = "<group>"; };
		1BF1B36D2A73A9A200E983E3 /* NativeAdClickView.swift */ = {isa = PBXFileReference; lastKnownFileType = sourcecode.swift; path = NativeAdClickView.swift; sourceTree = "<group>"; };
/* End PBXFileReference section */

/* Begin PBXFrameworksBuildPhase section */
		1B54763B2A68F760003D5DD7 /* Frameworks */ = {
			isa = PBXFrameworksBuildPhase;
			buildActionMask = 2147483647;
			files = (
				1BF1B3622A73821400E983E3 /* ActivityIndicatorView in Frameworks */,
				1B3AAFF42A6A6A960092C9B8 /* GoogleMobileAds in Frameworks */,
				1BA5330B2A80B8BF00C908F5 /* FirebaseAnalytics in Frameworks */,
				1BA5330F2A80B8BF00C908F5 /* FirebaseCrashlytics in Frameworks */,
				1BF1B3712A73B68F00E983E3 /* MarqueeLabel in Frameworks */,
				1BA5330D2A80B8BF00C908F5 /* FirebaseAnalyticsSwift in Frameworks */,
			);
			runOnlyForDeploymentPostprocessing = 0;
		};
/* End PBXFrameworksBuildPhase section */

/* Begin PBXGroup section */
		1B5476352A68F760003D5DD7 = {
			isa = PBXGroup;
			children = (
				1B2661E02A6F974E002E3C7A /* Localizable.strings */,
				1B3AAFF92A6A6B910092C9B8 /* InfoPlist.strings */,
				1B5476402A68F760003D5DD7 /* ShootingGame */,
				1B54763F2A68F760003D5DD7 /* Products */,
			);
			sourceTree = "<group>";
		};
		1B54763F2A68F760003D5DD7 /* Products */ = {
			isa = PBXGroup;
			children = (
				1B54763E2A68F760003D5DD7 /* ShootingGame.app */,
			);
			name = Products;
			sourceTree = "<group>";
		};
		1B5476402A68F760003D5DD7 /* ShootingGame */ = {
			isa = PBXGroup;
			children = (
				1BA533072A80B85600C908F5 /* GoogleService-Info.plist */,
				1B2661F02A71EA60002E3C7A /* ShootingGame.entitlements */,
				1BF1B35F2A73814200E983E3 /* GoogleAd */,
				1B5476672A692476003D5DD7 /* Info.plist */,
				1B54765C2A6910B9003D5DD7 /* Models */,
				1B5476592A690DE0003D5DD7 /* Extensions */,
				1B5476542A68F95C003D5DD7 /* instances */,
				1B5476522A68F90E003D5DD7 /* Notification.Names.swift */,
				1B5476412A68F760003D5DD7 /* ShootingGameApp.swift */,
				1B5476512A68F797003D5DD7 /* View */,
				1B5476452A68F762003D5DD7 /* Assets.xcassets */,
				1B5476472A68F762003D5DD7 /* Preview Content */,
				1B2661F52A725EFA002E3C7A /* Launch Screen.storyboard */,
			);
			path = ShootingGame;
			sourceTree = "<group>";
		};
		1B5476472A68F762003D5DD7 /* Preview Content */ = {
			isa = PBXGroup;
			children = (
				1B5476482A68F762003D5DD7 /* Preview Assets.xcassets */,
			);
			path = "Preview Content";
			sourceTree = "<group>";
		};
		1B5476512A68F797003D5DD7 /* View */ = {
			isa = PBXGroup;
			children = (
				1BF1B3632A73825A00E983E3 /* MultiColorAnimeTextView.swift */,
				1B5476432A68F760003D5DD7 /* ContentView.swift */,
				1B54764F2A68F78A003D5DD7 /* GameCanvasView.swift */,
				1B2661E82A70E4EA002E3C7A /* MainView.swift */,
				1BF1B3692A7390D800E983E3 /* CoinView.swift */,
				1BF1B36B2A739B0000E983E3 /* RoundedButtonView.swift */,
			);
			path = View;
			sourceTree = "<group>";
		};
		1B5476542A68F95C003D5DD7 /* instances */ = {
			isa = PBXGroup;
			children = (
				1B5476552A68F96F003D5DD7 /* GameManager.swift */,
				1B2661D62A6F4D9A002E3C7A /* Particle.swift */,
				1B2661E22A6FAEC5002E3C7A /* Score.swift */,
				1B2661EC2A70F186002E3C7A /* StageManager.swift */,
			);
			path = instances;
			sourceTree = "<group>";
		};
		1B5476592A690DE0003D5DD7 /* Extensions */ = {
			isa = PBXGroup;
			children = (
				1B3AAFFD2A6A6C630092C9B8 /* UIApplication+Extensions.swift */,
				1B54765A2A690DF5003D5DD7 /* Color+Extensions.swift */,
				1B54765F2A691377003D5DD7 /* CGPoint+Extensions.swift */,
				1B5476612A6916C2003D5DD7 /* CGRect+Extnesions.swift */,
				1B5476652A691A26003D5DD7 /* CGVector+Extensions.swift */,
				1B2661E42A70B4A4002E3C7A /* Array+Extensions.swift */,
				1BF1B3652A73833B00E983E3 /* UserDefaults+Extensions.swift */,
			);
			path = Extensions;
			sourceTree = "<group>";
		};
		1B54765C2A6910B9003D5DD7 /* Models */ = {
			isa = PBXGroup;
			children = (
				1B54765D2A6910CA003D5DD7 /* UnitModel.swift */,
				1B5476632A691951003D5DD7 /* MovementUnitModel.swift */,
				1B5476682A6926D0003D5DD7 /* EnemyUnitModel.swift */,
				1B54766A2A692BAB003D5DD7 /* PlayerUnitModel.swift */,
				1B3AAFF02A6A559D0092C9B8 /* PlayerShotUnitModel.swift */,
				1B5DEB642A6E51A80026B180 /* EnemyShotUnitModel.swift */,
				1B2661EA2A70EF22002E3C7A /* StageModel.swift */,
				1B2661F12A723984002E3C7A /* ItemUnitModel.swift */,
				1B2661F32A7239C2002E3C7A /* TargettingMovementUnitModel.swift */,
			);
			path = Models;
			sourceTree = "<group>";
		};
		1BF1B35F2A73814200E983E3 /* GoogleAd */ = {
			isa = PBXGroup;
			children = (
				1B2661F72A7266EC002E3C7A /* AdLoader.swift */,
				1B3AAFFB2A6A6BF50092C9B8 /* GoogleAdPrompt.swift */,
				1BF1B35B2A73811300E983E3 /* GoogleAd.swift */,
				1BF1B35D2A73813300E983E3 /* BannerAdView.swift */,
				1BF1B36D2A73A9A200E983E3 /* NativeAdClickView.swift */,
				1BA533022A8083F700C908F5 /* UnifiedNativeAdView.swift */,
				1BA533012A8083F700C908F5 /* UnifiedNativeAdView.xib */,
			);
			path = GoogleAd;
			sourceTree = "<group>";
		};
/* End PBXGroup section */

/* Begin PBXNativeTarget section */
		1B54763D2A68F760003D5DD7 /* ShootingGame */ = {
			isa = PBXNativeTarget;
			buildConfigurationList = 1B54764C2A68F762003D5DD7 /* Build configuration list for PBXNativeTarget "ShootingGame" */;
			buildPhases = (
				1B54763A2A68F760003D5DD7 /* Sources */,
				1B54763B2A68F760003D5DD7 /* Frameworks */,
				1B54763C2A68F760003D5DD7 /* Resources */,
				1BA533102A80BAF600C908F5 /* ShellScript */,
			);
			buildRules = (
			);
			dependencies = (
			);
			name = ShootingGame;
			packageProductDependencies = (
				1B3AAFF32A6A6A960092C9B8 /* GoogleMobileAds */,
				1BF1B3612A73821400E983E3 /* ActivityIndicatorView */,
				1BF1B3702A73B68F00E983E3 /* MarqueeLabel */,
				1BA5330A2A80B8BF00C908F5 /* FirebaseAnalytics */,
				1BA5330C2A80B8BF00C908F5 /* FirebaseAnalyticsSwift */,
				1BA5330E2A80B8BF00C908F5 /* FirebaseCrashlytics */,
			);
			productName = ShootingGame;
			productReference = 1B54763E2A68F760003D5DD7 /* ShootingGame.app */;
			productType = "com.apple.product-type.application";
		};
/* End PBXNativeTarget section */

/* Begin PBXProject section */
		1B5476362A68F760003D5DD7 /* Project object */ = {
			isa = PBXProject;
			attributes = {
				BuildIndependentTargetsInParallel = 1;
				LastSwiftUpdateCheck = 1430;
				LastUpgradeCheck = 1430;
				TargetAttributes = {
					1B54763D2A68F760003D5DD7 = {
						CreatedOnToolsVersion = 14.3.1;
					};
				};
			};
			buildConfigurationList = 1B5476392A68F760003D5DD7 /* Build configuration list for PBXProject "ShootingGame" */;
			compatibilityVersion = "Xcode 14.0";
			developmentRegion = en;
			hasScannedForEncodings = 0;
			knownRegions = (
				en,
				Base,
				ko,
			);
			mainGroup = 1B5476352A68F760003D5DD7;
			packageReferences = (
				1B3AAFF22A6A6A960092C9B8 /* XCRemoteSwiftPackageReference "swift-package-manager-google-mobile-ads" */,
				1BF1B3602A73821400E983E3 /* XCRemoteSwiftPackageReference "ActivityIndicatorView" */,
				1BF1B36F2A73B68F00E983E3 /* XCRemoteSwiftPackageReference "MarqueeLabel" */,
				1BA533092A80B8BF00C908F5 /* XCRemoteSwiftPackageReference "firebase-ios-sdk" */,
			);
			productRefGroup = 1B54763F2A68F760003D5DD7 /* Products */;
			projectDirPath = "";
			projectRoot = "";
			targets = (
				1B54763D2A68F760003D5DD7 /* ShootingGame */,
			);
		};
/* End PBXProject section */

/* Begin PBXResourcesBuildPhase section */
		1B54763C2A68F760003D5DD7 /* Resources */ = {
			isa = PBXResourcesBuildPhase;
			buildActionMask = 2147483647;
			files = (
				1B5476492A68F762003D5DD7 /* Preview Assets.xcassets in Resources */,
				1BA533032A8083F700C908F5 /* UnifiedNativeAdView.xib in Resources */,
				1B2661DE2A6F974E002E3C7A /* Localizable.strings in Resources */,
				1B3AAFF72A6A6B910092C9B8 /* InfoPlist.strings in Resources */,
				1B2661F62A725EFA002E3C7A /* Launch Screen.storyboard in Resources */,
				1B5476462A68F762003D5DD7 /* Assets.xcassets in Resources */,
				1BA533082A80B85700C908F5 /* GoogleService-Info.plist in Resources */,
			);
			runOnlyForDeploymentPostprocessing = 0;
		};
/* End PBXResourcesBuildPhase section */

/* Begin PBXShellScriptBuildPhase section */
		1BA533102A80BAF600C908F5 /* ShellScript */ = {
			isa = PBXShellScriptBuildPhase;
			buildActionMask = 2147483647;
			files = (
			);
			inputFileListPaths = (
			);
			inputPaths = (
				"${DWARF_DSYM_FOLDER_PATH}/${DWARF_DSYM_FILE_NAME}/Contents/Resources/DWARF/${TARGET_NAME}",
				"$(SRCROOT)/$(BUILT_PRODUCTS_DIR)/$(INFOPLIST_PATH)",
			);
			outputFileListPaths = (
			);
			outputPaths = (
			);
			runOnlyForDeploymentPostprocessing = 0;
			shellPath = /bin/sh;
			shellScript = "\"${BUILD_DIR%/Build/*}/SourcePackages/checkouts/firebase-ios-sdk/Crashlytics/run\"\n";
		};
/* End PBXShellScriptBuildPhase section */

/* Begin PBXSourcesBuildPhase section */
		1B54763A2A68F760003D5DD7 /* Sources */ = {
			isa = PBXSourcesBuildPhase;
			buildActionMask = 2147483647;
			files = (
				1B5476532A68F90E003D5DD7 /* Notification.Names.swift in Sources */,
				1B2661E92A70E4EA002E3C7A /* MainView.swift in Sources */,
				1B2661D72A6F4D9A002E3C7A /* Particle.swift in Sources */,
				1BF1B35E2A73813300E983E3 /* BannerAdView.swift in Sources */,
				1B5476622A6916C2003D5DD7 /* CGRect+Extnesions.swift in Sources */,
				1B54765E2A6910CA003D5DD7 /* UnitModel.swift in Sources */,
				1B5476602A691377003D5DD7 /* CGPoint+Extensions.swift in Sources */,
				1B5476662A691A26003D5DD7 /* CGVector+Extensions.swift in Sources */,
				1B2661F82A7266EC002E3C7A /* AdLoader.swift in Sources */,
				1B5476642A691951003D5DD7 /* MovementUnitModel.swift in Sources */,
				1B3AAFFE2A6A6C630092C9B8 /* UIApplication+Extensions.swift in Sources */,
				1B5476502A68F78A003D5DD7 /* GameCanvasView.swift in Sources */,
				1BF1B36A2A7390D800E983E3 /* CoinView.swift in Sources */,
				1BF1B35C2A73811300E983E3 /* GoogleAd.swift in Sources */,
				1B5476442A68F760003D5DD7 /* ContentView.swift in Sources */,
				1BA533042A8083F700C908F5 /* UnifiedNativeAdView.swift in Sources */,
				1B3AAFFC2A6A6BF50092C9B8 /* GoogleAdPrompt.swift in Sources */,
				1B2661F42A7239C2002E3C7A /* TargettingMovementUnitModel.swift in Sources */,
				1B2661E52A70B4A4002E3C7A /* Array+Extensions.swift in Sources */,
				1B54766B2A692BAB003D5DD7 /* PlayerUnitModel.swift in Sources */,
				1B2661EB2A70EF22002E3C7A /* StageModel.swift in Sources */,
				1B5476422A68F760003D5DD7 /* ShootingGameApp.swift in Sources */,
				1B2661E32A6FAEC5002E3C7A /* Score.swift in Sources */,
				1B3AAFF12A6A559D0092C9B8 /* PlayerShotUnitModel.swift in Sources */,
				1B5476562A68F96F003D5DD7 /* GameManager.swift in Sources */,
				1B2661ED2A70F186002E3C7A /* StageManager.swift in Sources */,
				1BF1B36E2A73A9A200E983E3 /* NativeAdClickView.swift in Sources */,
				1B5476692A6926D0003D5DD7 /* EnemyUnitModel.swift in Sources */,
				1BF1B36C2A739B0000E983E3 /* RoundedButtonView.swift in Sources */,
				1B54765B2A690DF5003D5DD7 /* Color+Extensions.swift in Sources */,
				1B2661F22A723984002E3C7A /* ItemUnitModel.swift in Sources */,
				1B5DEB652A6E51A80026B180 /* EnemyShotUnitModel.swift in Sources */,
				1BF1B3662A73833B00E983E3 /* UserDefaults+Extensions.swift in Sources */,
				1BF1B3642A73825A00E983E3 /* MultiColorAnimeTextView.swift in Sources */,
			);
			runOnlyForDeploymentPostprocessing = 0;
		};
/* End PBXSourcesBuildPhase section */

/* Begin PBXVariantGroup section */
		1B2661E02A6F974E002E3C7A /* Localizable.strings */ = {
			isa = PBXVariantGroup;
			children = (
				1B2661DF2A6F974E002E3C7A /* en */,
				1B2661E12A6F979A002E3C7A /* ko */,
			);
			name = Localizable.strings;
			sourceTree = "<group>";
		};
		1B3AAFF92A6A6B910092C9B8 /* InfoPlist.strings */ = {
			isa = PBXVariantGroup;
			children = (
				1B3AAFF82A6A6B910092C9B8 /* en */,
				1B3AAFFA2A6A6B950092C9B8 /* ko */,
			);
			name = InfoPlist.strings;
			sourceTree = "<group>";
		};
/* End PBXVariantGroup section */

/* Begin XCBuildConfiguration section */
		1B54764A2A68F762003D5DD7 /* Debug */ = {
			isa = XCBuildConfiguration;
			buildSettings = {
				ALWAYS_SEARCH_USER_PATHS = NO;
				CLANG_ANALYZER_NONNULL = YES;
				CLANG_ANALYZER_NUMBER_OBJECT_CONVERSION = YES_AGGRESSIVE;
				CLANG_CXX_LANGUAGE_STANDARD = "gnu++20";
				CLANG_ENABLE_MODULES = YES;
				CLANG_ENABLE_OBJC_ARC = YES;
				CLANG_ENABLE_OBJC_WEAK = YES;
				CLANG_WARN_BLOCK_CAPTURE_AUTORELEASING = YES;
				CLANG_WARN_BOOL_CONVERSION = YES;
				CLANG_WARN_COMMA = YES;
				CLANG_WARN_CONSTANT_CONVERSION = YES;
				CLANG_WARN_DEPRECATED_OBJC_IMPLEMENTATIONS = YES;
				CLANG_WARN_DIRECT_OBJC_ISA_USAGE = YES_ERROR;
				CLANG_WARN_DOCUMENTATION_COMMENTS = YES;
				CLANG_WARN_EMPTY_BODY = YES;
				CLANG_WARN_ENUM_CONVERSION = YES;
				CLANG_WARN_INFINITE_RECURSION = YES;
				CLANG_WARN_INT_CONVERSION = YES;
				CLANG_WARN_NON_LITERAL_NULL_CONVERSION = YES;
				CLANG_WARN_OBJC_IMPLICIT_RETAIN_SELF = YES;
				CLANG_WARN_OBJC_LITERAL_CONVERSION = YES;
				CLANG_WARN_OBJC_ROOT_CLASS = YES_ERROR;
				CLANG_WARN_QUOTED_INCLUDE_IN_FRAMEWORK_HEADER = YES;
				CLANG_WARN_RANGE_LOOP_ANALYSIS = YES;
				CLANG_WARN_STRICT_PROTOTYPES = YES;
				CLANG_WARN_SUSPICIOUS_MOVE = YES;
				CLANG_WARN_UNGUARDED_AVAILABILITY = YES_AGGRESSIVE;
				CLANG_WARN_UNREACHABLE_CODE = YES;
				CLANG_WARN__DUPLICATE_METHOD_MATCH = YES;
				COPY_PHASE_STRIP = NO;
				DEBUG_INFORMATION_FORMAT = dwarf;
				ENABLE_STRICT_OBJC_MSGSEND = YES;
				ENABLE_TESTABILITY = YES;
				GCC_C_LANGUAGE_STANDARD = gnu11;
				GCC_DYNAMIC_NO_PIC = NO;
				GCC_NO_COMMON_BLOCKS = YES;
				GCC_OPTIMIZATION_LEVEL = 0;
				GCC_PREPROCESSOR_DEFINITIONS = (
					"DEBUG=1",
					"$(inherited)",
				);
				GCC_WARN_64_TO_32_BIT_CONVERSION = YES;
				GCC_WARN_ABOUT_RETURN_TYPE = YES_ERROR;
				GCC_WARN_UNDECLARED_SELECTOR = YES;
				GCC_WARN_UNINITIALIZED_AUTOS = YES_AGGRESSIVE;
				GCC_WARN_UNUSED_FUNCTION = YES;
				GCC_WARN_UNUSED_VARIABLE = YES;
				IPHONEOS_DEPLOYMENT_TARGET = 16.4;
				MTL_ENABLE_DEBUG_INFO = INCLUDE_SOURCE;
				MTL_FAST_MATH = YES;
				ONLY_ACTIVE_ARCH = YES;
				SDKROOT = iphoneos;
				SWIFT_ACTIVE_COMPILATION_CONDITIONS = DEBUG;
				SWIFT_OPTIMIZATION_LEVEL = "-Onone";
			};
			name = Debug;
		};
		1B54764B2A68F762003D5DD7 /* Release */ = {
			isa = XCBuildConfiguration;
			buildSettings = {
				ALWAYS_SEARCH_USER_PATHS = NO;
				CLANG_ANALYZER_NONNULL = YES;
				CLANG_ANALYZER_NUMBER_OBJECT_CONVERSION = YES_AGGRESSIVE;
				CLANG_CXX_LANGUAGE_STANDARD = "gnu++20";
				CLANG_ENABLE_MODULES = YES;
				CLANG_ENABLE_OBJC_ARC = YES;
				CLANG_ENABLE_OBJC_WEAK = YES;
				CLANG_WARN_BLOCK_CAPTURE_AUTORELEASING = YES;
				CLANG_WARN_BOOL_CONVERSION = YES;
				CLANG_WARN_COMMA = YES;
				CLANG_WARN_CONSTANT_CONVERSION = YES;
				CLANG_WARN_DEPRECATED_OBJC_IMPLEMENTATIONS = YES;
				CLANG_WARN_DIRECT_OBJC_ISA_USAGE = YES_ERROR;
				CLANG_WARN_DOCUMENTATION_COMMENTS = YES;
				CLANG_WARN_EMPTY_BODY = YES;
				CLANG_WARN_ENUM_CONVERSION = YES;
				CLANG_WARN_INFINITE_RECURSION = YES;
				CLANG_WARN_INT_CONVERSION = YES;
				CLANG_WARN_NON_LITERAL_NULL_CONVERSION = YES;
				CLANG_WARN_OBJC_IMPLICIT_RETAIN_SELF = YES;
				CLANG_WARN_OBJC_LITERAL_CONVERSION = YES;
				CLANG_WARN_OBJC_ROOT_CLASS = YES_ERROR;
				CLANG_WARN_QUOTED_INCLUDE_IN_FRAMEWORK_HEADER = YES;
				CLANG_WARN_RANGE_LOOP_ANALYSIS = YES;
				CLANG_WARN_STRICT_PROTOTYPES = YES;
				CLANG_WARN_SUSPICIOUS_MOVE = YES;
				CLANG_WARN_UNGUARDED_AVAILABILITY = YES_AGGRESSIVE;
				CLANG_WARN_UNREACHABLE_CODE = YES;
				CLANG_WARN__DUPLICATE_METHOD_MATCH = YES;
				COPY_PHASE_STRIP = NO;
				DEBUG_INFORMATION_FORMAT = "dwarf-with-dsym";
				ENABLE_NS_ASSERTIONS = NO;
				ENABLE_STRICT_OBJC_MSGSEND = YES;
				GCC_C_LANGUAGE_STANDARD = gnu11;
				GCC_NO_COMMON_BLOCKS = YES;
				GCC_WARN_64_TO_32_BIT_CONVERSION = YES;
				GCC_WARN_ABOUT_RETURN_TYPE = YES_ERROR;
				GCC_WARN_UNDECLARED_SELECTOR = YES;
				GCC_WARN_UNINITIALIZED_AUTOS = YES_AGGRESSIVE;
				GCC_WARN_UNUSED_FUNCTION = YES;
				GCC_WARN_UNUSED_VARIABLE = YES;
				IPHONEOS_DEPLOYMENT_TARGET = 16.4;
				MTL_ENABLE_DEBUG_INFO = NO;
				MTL_FAST_MATH = YES;
				SDKROOT = iphoneos;
				SWIFT_COMPILATION_MODE = wholemodule;
				SWIFT_OPTIMIZATION_LEVEL = "-O";
				VALIDATE_PRODUCT = YES;
			};
			name = Release;
		};
		1B54764D2A68F762003D5DD7 /* Debug */ = {
			isa = XCBuildConfiguration;
			buildSettings = {
				ASSETCATALOG_COMPILER_APPICON_NAME = AppIcon;
				ASSETCATALOG_COMPILER_GLOBAL_ACCENT_COLOR_NAME = AccentColor;
				CODE_SIGN_ENTITLEMENTS = ShootingGame/ShootingGame.entitlements;
				CODE_SIGN_STYLE = Automatic;
				CURRENT_PROJECT_VERSION = 1;
				DEBUG_INFORMATION_FORMAT = "dwarf-with-dsym";
				DEVELOPMENT_ASSET_PATHS = "\"ShootingGame/Preview Content\"";
				DEVELOPMENT_TEAM = QU9EPTU238;
				ENABLE_PREVIEWS = YES;
				GENERATE_INFOPLIST_FILE = YES;
				INFOPLIST_FILE = ShootingGame/Info.plist;
				INFOPLIST_KEY_LSApplicationCategoryType = "public.app-category.games";
				INFOPLIST_KEY_NSUserTrackingUsageDescription = "Permission is required to provide customized services.";
				INFOPLIST_KEY_UIApplicationSceneManifest_Generation = YES;
				INFOPLIST_KEY_UIApplicationSupportsIndirectInputEvents = YES;
				INFOPLIST_KEY_UILaunchScreen_Generation = YES;
				INFOPLIST_KEY_UILaunchStoryboardName = "Launch Screen.storyboard";
				INFOPLIST_KEY_UIRequiresFullScreen = NO;
				INFOPLIST_KEY_UIStatusBarStyle = "";
				INFOPLIST_KEY_UISupportedInterfaceOrientations = "UIInterfaceOrientationPortrait UIInterfaceOrientationPortraitUpsideDown";
				INFOPLIST_KEY_UISupportedInterfaceOrientations_iPad = "UIInterfaceOrientationLandscapeLeft UIInterfaceOrientationLandscapeRight UIInterfaceOrientationPortrait UIInterfaceOrientationPortraitUpsideDown";
				IPHONEOS_DEPLOYMENT_TARGET = 16.0;
				LD_RUNPATH_SEARCH_PATHS = (
					"$(inherited)",
					"@executable_path/Frameworks",
				);
				MARKETING_VERSION = 1.0.0;
				OTHER_LDFLAGS = "-ObjC";
				PRODUCT_BUNDLE_IDENTIFIER = net.kongbaguni.ShootingGame;
				PRODUCT_NAME = "$(TARGET_NAME)";
				SWIFT_EMIT_LOC_STRINGS = YES;
				SWIFT_VERSION = 5.0;
				TARGETED_DEVICE_FAMILY = "1,2";
			};
			name = Debug;
		};
		1B54764E2A68F762003D5DD7 /* Release */ = {
			isa = XCBuildConfiguration;
			buildSettings = {
				ASSETCATALOG_COMPILER_APPICON_NAME = AppIcon;
				ASSETCATALOG_COMPILER_GLOBAL_ACCENT_COLOR_NAME = AccentColor;
				CODE_SIGN_ENTITLEMENTS = ShootingGame/ShootingGame.entitlements;
				CODE_SIGN_STYLE = Automatic;
				CURRENT_PROJECT_VERSION = 1;
				DEVELOPMENT_ASSET_PATHS = "\"ShootingGame/Preview Content\"";
				DEVELOPMENT_TEAM = QU9EPTU238;
				ENABLE_PREVIEWS = YES;
				GENERATE_INFOPLIST_FILE = YES;
				INFOPLIST_FILE = ShootingGame/Info.plist;
				INFOPLIST_KEY_LSApplicationCategoryType = "public.app-category.games";
				INFOPLIST_KEY_NSUserTrackingUsageDescription = "Permission is required to provide customized services.";
				INFOPLIST_KEY_UIApplicationSceneManifest_Generation = YES;
				INFOPLIST_KEY_UIApplicationSupportsIndirectInputEvents = YES;
				INFOPLIST_KEY_UILaunchScreen_Generation = YES;
				INFOPLIST_KEY_UILaunchStoryboardName = "Launch Screen.storyboard";
				INFOPLIST_KEY_UIRequiresFullScreen = NO;
				INFOPLIST_KEY_UIStatusBarStyle = "";
				INFOPLIST_KEY_UISupportedInterfaceOrientations = "UIInterfaceOrientationPortrait UIInterfaceOrientationPortraitUpsideDown";
				INFOPLIST_KEY_UISupportedInterfaceOrientations_iPad = "UIInterfaceOrientationLandscapeLeft UIInterfaceOrientationLandscapeRight UIInterfaceOrientationPortrait UIInterfaceOrientationPortraitUpsideDown";
				IPHONEOS_DEPLOYMENT_TARGET = 16.0;
				LD_RUNPATH_SEARCH_PATHS = (
					"$(inherited)",
					"@executable_path/Frameworks",
				);
				MARKETING_VERSION = 1.0.0;
				OTHER_LDFLAGS = "-ObjC";
				PRODUCT_BUNDLE_IDENTIFIER = net.kongbaguni.ShootingGame;
				PRODUCT_NAME = "$(TARGET_NAME)";
				SWIFT_EMIT_LOC_STRINGS = YES;
				SWIFT_VERSION = 5.0;
				TARGETED_DEVICE_FAMILY = "1,2";
			};
			name = Release;
		};
/* End XCBuildConfiguration section */

/* Begin XCConfigurationList section */
		1B5476392A68F760003D5DD7 /* Build configuration list for PBXProject "ShootingGame" */ = {
			isa = XCConfigurationList;
			buildConfigurations = (
				1B54764A2A68F762003D5DD7 /* Debug */,
				1B54764B2A68F762003D5DD7 /* Release */,
			);
			defaultConfigurationIsVisible = 0;
			defaultConfigurationName = Release;
		};
		1B54764C2A68F762003D5DD7 /* Build configuration list for PBXNativeTarget "ShootingGame" */ = {
			isa = XCConfigurationList;
			buildConfigurations = (
				1B54764D2A68F762003D5DD7 /* Debug */,
				1B54764E2A68F762003D5DD7 /* Release */,
			);
			defaultConfigurationIsVisible = 0;
			defaultConfigurationName = Release;
		};
/* End XCConfigurationList section */

/* Begin XCRemoteSwiftPackageReference section */
		1B3AAFF22A6A6A960092C9B8 /* XCRemoteSwiftPackageReference "swift-package-manager-google-mobile-ads" */ = {
			isa = XCRemoteSwiftPackageReference;
			repositoryURL = "https://github.com/googleads/swift-package-manager-google-mobile-ads.git";
			requirement = {
				kind = upToNextMajorVersion;
				minimumVersion = 10.0.0;
			};
		};
		1BA533092A80B8BF00C908F5 /* XCRemoteSwiftPackageReference "firebase-ios-sdk" */ = {
			isa = XCRemoteSwiftPackageReference;
			repositoryURL = "https://github.com/firebase/firebase-ios-sdk";
			requirement = {
				kind = upToNextMajorVersion;
				minimumVersion = 10.0.0;
			};
		};
		1BF1B3602A73821400E983E3 /* XCRemoteSwiftPackageReference "ActivityIndicatorView" */ = {
			isa = XCRemoteSwiftPackageReference;
			repositoryURL = "https://github.com/exyte/ActivityIndicatorView.git";
			requirement = {
				kind = upToNextMajorVersion;
				minimumVersion = 1.0.0;
			};
		};
		1BF1B36F2A73B68F00E983E3 /* XCRemoteSwiftPackageReference "MarqueeLabel" */ = {
			isa = XCRemoteSwiftPackageReference;
			repositoryURL = "https://github.com/cbpowell/MarqueeLabel";
			requirement = {
				kind = upToNextMajorVersion;
				minimumVersion = 4.0.0;
			};
		};
/* End XCRemoteSwiftPackageReference section */

/* Begin XCSwiftPackageProductDependency section */
		1B3AAFF32A6A6A960092C9B8 /* GoogleMobileAds */ = {
			isa = XCSwiftPackageProductDependency;
			package = 1B3AAFF22A6A6A960092C9B8 /* XCRemoteSwiftPackageReference "swift-package-manager-google-mobile-ads" */;
			productName = GoogleMobileAds;
		};
		1BA5330A2A80B8BF00C908F5 /* FirebaseAnalytics */ = {
			isa = XCSwiftPackageProductDependency;
			package = 1BA533092A80B8BF00C908F5 /* XCRemoteSwiftPackageReference "firebase-ios-sdk" */;
			productName = FirebaseAnalytics;
		};
		1BA5330C2A80B8BF00C908F5 /* FirebaseAnalyticsSwift */ = {
			isa = XCSwiftPackageProductDependency;
			package = 1BA533092A80B8BF00C908F5 /* XCRemoteSwiftPackageReference "firebase-ios-sdk" */;
			productName = FirebaseAnalyticsSwift;
		};
		1BA5330E2A80B8BF00C908F5 /* FirebaseCrashlytics */ = {
			isa = XCSwiftPackageProductDependency;
			package = 1BA533092A80B8BF00C908F5 /* XCRemoteSwiftPackageReference "firebase-ios-sdk" */;
			productName = FirebaseCrashlytics;
		};
		1BF1B3612A73821400E983E3 /* ActivityIndicatorView */ = {
			isa = XCSwiftPackageProductDependency;
			package = 1BF1B3602A73821400E983E3 /* XCRemoteSwiftPackageReference "ActivityIndicatorView" */;
			productName = ActivityIndicatorView;
		};
		1BF1B3702A73B68F00E983E3 /* MarqueeLabel */ = {
			isa = XCSwiftPackageProductDependency;
			package = 1BF1B36F2A73B68F00E983E3 /* XCRemoteSwiftPackageReference "MarqueeLabel" */;
			productName = MarqueeLabel;
		};
/* End XCSwiftPackageProductDependency section */
	};
	rootObject = 1B5476362A68F760003D5DD7 /* Project object */;
}
